
Microsoft Visual Studio Solution File, Format Version 12.00
# Visual Studio Version 17
VisualStudioVersion = 17.10.35013.160
MinimumVisualStudioVersion = 10.0.40219.1
Project("{FAE04EC0-301F-11D3-BF4B-00C04F79EFBC}") = "WebApplication", "WebApplication\WebApplication.csproj", "{8696FC7E-B093-40B7-944B-A50677526650}"
EndProject
Global
	GlobalSection(SolutionConfigurationPlatforms) = preSolution
		Debug|Any CPU = Debug|Any CPU
		Release|Any CPU = Release|Any CPU
	EndGlobalSection
	GlobalSection(ProjectConfigurationPlatforms) = postSolution
		{8696FC7E-B093-40B7-944B-A50677526650}.Debug|Any CPU.ActiveCfg = Debug|Any CPU
		{8696FC7E-B093-40B7-944B-A50677526650}.Debug|Any CPU.Build.0 = Debug|Any CPU
		{8696FC7E-B093-40B7-944B-A50677526650}.Release|Any CPU.ActiveCfg = Release|Any CPU
		{8696FC7E-B093-40B7-944B-A50677526650}.Release|Any CPU.Build.0 = Release|Any CPU
	EndGlobalSection
	GlobalSection(SolutionProperties) = preSolution
		HideSolutionNode = FALSE
	EndGlobalSection
	GlobalSection(ExtensibilityGlobals) = postSolution
		SolutionGuid = {0BA1B646-9532-4151-8B22-8CD32B39F79D}
	EndGlobalSection
EndGlobal
